
Microsoft Visual Studio Solution File, Format Version 12.00
# Visual Studio Version 16
VisualStudioVersion = 16.0.28803.202
MinimumVisualStudioVersion = 10.0.40219.1
Project("{FAE04EC0-301F-11D3-BF4B-00C04F79EFBC}") = "ComboxTest", "ComboxTest\ComboxTest.csproj", "{B1827873-D0C0-41DE-BFCF-36930C14ADE0}"
EndProject
Project("{FAE04EC0-301F-11D3-BF4B-00C04F79EFBC}") = "QRCodeTest", "QRCodeTest\QRCodeTest.csproj", "{A42D639B-BBAA-42D3-B571-DD5B1C2CB89D}"
EndProject
Global
	GlobalSection(SolutionConfigurationPlatforms) = preSolution
		Debug|Any CPU = Debug|Any CPU
		Release|Any CPU = Release|Any CPU
	EndGlobalSection
	GlobalSection(ProjectConfigurationPlatforms) = postSolution
		{B1827873-D0C0-41DE-BFCF-36930C14ADE0}.Debug|Any CPU.ActiveCfg = Debug|Any CPU
		{B1827873-D0C0-41DE-BFCF-36930C14ADE0}.Debug|Any CPU.Build.0 = Debug|Any CPU
		{B1827873-D0C0-41DE-BFCF-36930C14ADE0}.Release|Any CPU.ActiveCfg = Release|Any CPU
		{B1827873-D0C0-41DE-BFCF-36930C14ADE0}.Release|Any CPU.Build.0 = Release|Any CPU
		{A42D639B-BBAA-42D3-B571-DD5B1C2CB89D}.Debug|Any CPU.ActiveCfg = Debug|Any CPU
		{A42D639B-BBAA-42D3-B571-DD5B1C2CB89D}.Debug|Any CPU.Build.0 = Debug|Any CPU
		{A42D639B-BBAA-42D3-B571-DD5B1C2CB89D}.Release|Any CPU.ActiveCfg = Release|Any CPU
		{A42D639B-BBAA-42D3-B571-DD5B1C2CB89D}.Release|Any CPU.Build.0 = Release|Any CPU
	EndGlobalSection
	GlobalSection(SolutionProperties) = preSolution
		HideSolutionNode = FALSE
	EndGlobalSection
	GlobalSection(ExtensibilityGlobals) = postSolution
		SolutionGuid = {7CA36347-E161-4350-832D-C824352B6BEB}
	EndGlobalSection
EndGlobal
