
Microsoft Visual Studio Solution File, Format Version 12.00
# Visual Studio 15
VisualStudioVersion = 15.0.28307.489
MinimumVisualStudioVersion = 10.0.40219.1
Project("{9A19103F-16F7-4668-BE54-9A1E7A4F7556}") = "CoreDemo", "CoreDemo\CoreDemo.csproj", "{5D26467B-32CC-4059-A5C3-746A5FD054F3}"
EndProject
Project("{9A19103F-16F7-4668-BE54-9A1E7A4F7556}") = "CoreDemo.Models", "CoreDemo.Models\CoreDemo.Models.csproj", "{1FC009A7-942F-4071-94EF-2718E070A421}"
EndProject
Global
	GlobalSection(SolutionConfigurationPlatforms) = preSolution
		Debug|Any CPU = Debug|Any CPU
		Release|Any CPU = Release|Any CPU
	EndGlobalSection
	GlobalSection(ProjectConfigurationPlatforms) = postSolution
		{5D26467B-32CC-4059-A5C3-746A5FD054F3}.Debug|Any CPU.ActiveCfg = Debug|Any CPU
		{5D26467B-32CC-4059-A5C3-746A5FD054F3}.Debug|Any CPU.Build.0 = Debug|Any CPU
		{5D26467B-32CC-4059-A5C3-746A5FD054F3}.Release|Any CPU.ActiveCfg = Release|Any CPU
		{5D26467B-32CC-4059-A5C3-746A5FD054F3}.Release|Any CPU.Build.0 = Release|Any CPU
		{1FC009A7-942F-4071-94EF-2718E070A421}.Debug|Any CPU.ActiveCfg = Debug|Any CPU
		{1FC009A7-942F-4071-94EF-2718E070A421}.Debug|Any CPU.Build.0 = Debug|Any CPU
		{1FC009A7-942F-4071-94EF-2718E070A421}.Release|Any CPU.ActiveCfg = Release|Any CPU
		{1FC009A7-942F-4071-94EF-2718E070A421}.Release|Any CPU.Build.0 = Release|Any CPU
	EndGlobalSection
	GlobalSection(SolutionProperties) = preSolution
		HideSolutionNode = FALSE
	EndGlobalSection
	GlobalSection(ExtensibilityGlobals) = postSolution
		SolutionGuid = {DB8A6F2B-54B4-404F-9358-28C0F3F94774}
	EndGlobalSection
EndGlobal
